{
  "nodes": {
    "nixpkgs2009": {
      "locked": {
        "lastModified": 1734456182,
        "narHash": "sha256-C4bQ+hXKRN3nT3VKLurmdLqNgXj5eG09wOv5SRYFnY0=",
        "owner": "galtys",
        "repo": "nixpkgs",
        "rev": "d3657b4337427d724856eac1d607ae92cbbeaff0",
        "type": "github"
      },
      "original": {
        "owner": "galtys",
        "ref": "nixos-20.03pillow",
        "repo": "nixpkgs",
        "type": "github"
      }
    },
    "nixpkgs24": {
      "locked": {
        "lastModified": 1749389058,
        "narHash": "sha256-csGEVh2ahhfnm5b8EmXprxmn4u2s1wXCyGUCs59220I=",
        "owner": "galtys",
        "repo": "nixpkgs",
        "rev": "1cd2e34da4e071ba5007cb59ccb9bc21170d64b3",
        "type": "github"
      },
      "original": {
        "owner": "galtys",
        "ref": "nixos-24.05",
        "repo": "nixpkgs",
        "type": "github"
      }
    },
    "root": {
      "inputs": {
        "nixpkgs2009": "nixpkgs2009",
        "nixpkgs24": "nixpkgs24"
      }
    }
  },
  "root": "root",
  "version": 7
}
